
Microsoft Visual Studio Solution File, Format Version 12.00
# Visual Studio Version 16
VisualStudioVersion = 16.0.29613.14
MinimumVisualStudioVersion = 10.0.40219.1
Project("{FAE04EC0-301F-11D3-BF4B-00C04F79EFBC}") = "Conspiratio.Lib", "Conspiratio.Lib\Conspiratio.Lib.csproj", "{20BACB96-2CE8-40C3-92CB-7E4C57E59C3A}"
EndProject
Global
	GlobalSection(SolutionConfigurationPlatforms) = preSolution
		Debug|Any CPU = Debug|Any CPU
		Release|Any CPU = Release|Any CPU
	EndGlobalSection
	GlobalSection(ProjectConfigurationPlatforms) = postSolution
		{20BACB96-2CE8-40C3-92CB-7E4C57E59C3A}.Debug|Any CPU.ActiveCfg = Debug|Any CPU
		{20BACB96-2CE8-40C3-92CB-7E4C57E59C3A}.Debug|Any CPU.Build.0 = Debug|Any CPU
		{20BACB96-2CE8-40C3-92CB-7E4C57E59C3A}.Release|Any CPU.ActiveCfg = Release|Any CPU
		{20BACB96-2CE8-40C3-92CB-7E4C57E59C3A}.Release|Any CPU.Build.0 = Release|Any CPU
	EndGlobalSection
	GlobalSection(SolutionProperties) = preSolution
		HideSolutionNode = FALSE
	EndGlobalSection
	GlobalSection(ExtensibilityGlobals) = postSolution
		SolutionGuid = {52A183A4-1C09-4914-B306-1D2D11ACDC40}
	EndGlobalSection
EndGlobal
