
Microsoft Visual Studio Solution File, Format Version 12.00
# Visual Studio Version 16
VisualStudioVersion = 16.0.29613.14
MinimumVisualStudioVersion = 10.0.40219.1
Project("{FAE04EC0-301F-11D3-BF4B-00C04F79EFBC}") = "Conspiratio.Lib", "Conspiratio.Lib\Conspiratio.Lib.csproj", "{98ACB1BC-6708-4119-A1DC-23E3DEF08007}"
EndProject
Global
	GlobalSection(SolutionConfigurationPlatforms) = preSolution
		Debug|Any CPU = Debug|Any CPU
		Release|Any CPU = Release|Any CPU
	EndGlobalSection
	GlobalSection(ProjectConfigurationPlatforms) = postSolution
		{98ACB1BC-6708-4119-A1DC-23E3DEF08007}.Debug|Any CPU.ActiveCfg = Debug|Any CPU
		{98ACB1BC-6708-4119-A1DC-23E3DEF08007}.Debug|Any CPU.Build.0 = Debug|Any CPU
		{98ACB1BC-6708-4119-A1DC-23E3DEF08007}.Release|Any CPU.ActiveCfg = Release|Any CPU
		{98ACB1BC-6708-4119-A1DC-23E3DEF08007}.Release|Any CPU.Build.0 = Release|Any CPU
	EndGlobalSection
	GlobalSection(SolutionProperties) = preSolution
		HideSolutionNode = FALSE
	EndGlobalSection
	GlobalSection(ExtensibilityGlobals) = postSolution
		SolutionGuid = {CAE2E159-352B-4710-8DFD-0064DB878469}
	EndGlobalSection
EndGlobal
